name: py310
channels:
  - conda-forge
dependencies:
  - _openmp_mutex=4.5=7_kmp_llvm
  - bzip2=1.0.8=hd037594_9
  - ca-certificates=2026.5.20=hbd8a1cb_0
  - cairo=1.18.4=he0f2337_1
  - font-ttf-dejavu-sans-mono=2.37=hab24e00_0
  - font-ttf-inconsolata=3.000=h77eed37_0
  - font-ttf-source-code-pro=2.038=h77eed37_0
  - font-ttf-ubuntu=0.83=h77eed37_3
  - fontconfig=2.18.1=h2b252f5_0
  - fonts-conda-ecosystem=1=0
  - fonts-conda-forge=1=hc364b38_1
  - freetype=2.14.3=hce30654_1
  - graphite2=1.3.15=hf6b4638_0
  - harfbuzz=14.2.1=hce30654_1
  - icu=78.3=hef89b57_0
  - joblib=1.5.3=pyhd8ed1ab_0
  - khronos-opencl-icd-loader=2024.10.24=h5505292_1
  - libblas=3.11.0=8_h51639a9_openblas
  - libboost=1.90.0=h0419b56_1
  - libcblas=3.11.0=8_hb0561ab_openblas
  - libcxx=22.1.8=h55c6f16_0
  - libexpat=2.8.1=hf6b4638_1
  - libffi=3.5.2=hcf2aa1b_0
  - libfreetype=2.14.3=hce30654_1
  - libfreetype6=2.14.3=hdfa99f5_1
  - libgcc=15.2.0=hcbb3090_19
  - libgfortran=15.2.0=h07b0088_19
  - libgfortran5=15.2.0=hdae7583_19
  - libglib=2.88.2=ha08bb59_0
  - libharfbuzz=14.2.1=h5a65909_1
  - libharfbuzz-devel=14.2.1=h5a65909_1
  - libiconv=1.18=h23cfdf5_2
  - libintl=0.25.1=h493aca8_0
  - liblapack=3.11.0=8_hd9741b5_openblas
  - liblightgbm=4.6.0=cpu_h52df330_8
  - liblzma=5.8.3=h8088a28_0
  - libopenblas=0.3.33=openmp_he657e61_0
  - libpng=1.6.58=h132b30e_0
  - libsqlite=3.53.2=h1ae2325_0
  - libxgboost=3.2.0=cpu_h77aee5e_3
  - libzlib=1.3.2=h8088a28_2
  - lightgbm=4.6.0=cpu_py_hb6b7976_8
  - llvm-openmp=22.1.8=hc7d1edf_0
  - ncurses=6.6=h1d4f5a5_0
  - numpy=2.2.6=py310h4d83441_0
  - opencl-headers=2025.06.13=hf6b4638_0
  - openssl=3.6.3=hd24854e_0
  - packaging=26.2=pyhc364b38_0
  - pcre2=10.47=h30297fc_0
  - pip=26.1.2=pyh8b19718_0
  - pixman=0.46.4=h81086ad_1
  - py-xgboost=3.2.0=cpu_pyh053a271_3
  - python=3.10.20=hac0b6dc_1_cpython
  - python_abi=3.10=8_cp310
  - readline=8.3=h46df422_0
  - scikit-learn=1.7.2=py310h660f142_0
  - tectonic=0.16.9=hab3abff_0
  - threadpoolctl=3.6.0=pyhecae5ae_0
  - tk=8.6.13=h010d191_3
  - wheel=0.47.0=pyhd8ed1ab_0
  - xgboost=3.2.0=cpu_pyhb39878e_3
  - zlib=1.3.2=h8088a28_2
  - zstd=1.5.7=hbf9d68e_6
  - pip:
      - absl-py==2.4.0
      - accelerate==1.14.0
      - aiohappyeyeballs==2.6.2
      - aiohttp==3.14.1
      - aiosignal==1.4.0
      - annotated-doc==0.0.4
      - annotated-types==0.7.0
      - anyio==4.14.0
      - appnope==0.1.4
      - argon2-cffi==25.1.0
      - argon2-cffi-bindings==25.1.0
      - arrow==1.4.0
      - asttokens==3.0.1
      - astunparse==1.6.3
      - async-lru==2.3.0
      - async-timeout==5.0.1
      - attrs==26.1.0
      - babel==2.18.0
      - beautifulsoup4==4.15.0
      - bleach==6.4.0
      - certifi==2026.6.17
      - cffi==1.17.1
      - charset-normalizer==3.4.7
      - click==8.4.1
      - comm==0.2.3
      - contourpy==1.3.2
      - cycler==0.12.1
      - cython==3.2.8
      - datasets==5.0.0
      - debugpy==1.8.21
      - decorator==5.3.1
      - defusedxml==0.7.1
      - dill==0.4.1
      - epiweeks==2.4.0
      - exceptiongroup==1.3.1
      - executing==2.2.1
      - fastjsonschema==2.21.2
      - filelock==3.29.4
      - flatbuffers==25.12.19
      - fonttools==4.63.0
      - fqdn==1.5.1
      - frozenlist==1.8.0
      - fsspec==2026.4.0
      - gast==0.7.0
      - geopandas==1.1.4
      - google-pasta==0.2.0
      - grpcio==1.81.1
      - h11==0.16.0
      - h5py==3.16.0
      - hf-xet==1.5.1
      - httpcore==1.0.9
      - httpx==0.28.1
      - huggingface-hub==1.19.0
      - idna==3.18
      - imdc==0.1.0
      - iniconfig==2.3.0
      - ipykernel==7.3.0
      - ipython==8.39.0
      - isoduration==20.11.0
      - jedi==0.20.0
      - jinja2==3.1.6
      - json5==0.14.0
      - jsonpointer==3.1.1
      - jsonschema==4.26.0
      - jsonschema-specifications==2025.9.1
      - jupyter-client==8.9.1
      - jupyter-core==5.9.1
      - jupyter-events==0.12.1
      - jupyter-lsp==2.3.1
      - jupyter-server==2.20.0
      - jupyter-server-terminals==0.5.4
      - jupyterlab==4.5.9
      - jupyterlab-pygments==0.3.0
      - jupyterlab-server==2.28.0
      - keras==3.12.2
      - kiwisolver==1.5.0
      - lark==1.3.1
      - libclang==18.1.1
      - loguru==0.7.3
      - markdown==3.10.2
      - markdown-it-py==4.2.0
      - markupsafe==3.0.3
      - matplotlib==3.10.9
      - matplotlib-inline==0.2.2
      - mdurl==0.1.2
      - mistune==3.2.1
      - ml-dtypes==0.3.2
      - mosqlient==2.5.2
      - mpmath==1.3.0
      - multidict==6.7.1
      - multiprocess==0.70.19
      - namex==0.1.0
      - narwhals==2.23.0
      - nbclient==0.11.0
      - nbconvert==7.17.1
      - nbformat==5.10.4
      - nest-asyncio==1.6.0
      - nest-asyncio2==1.7.2
      - networkx==3.4.2
      - notebook-shim==0.2.4
      - opencv-python==4.11.0.86
      - opt-einsum==3.4.0
      - optree==0.19.1
      - overrides==7.7.0
      - pandas==2.3.3
      - pandocfilters==1.5.1
      - parso==0.8.7
      - patsy==1.0.2
      - pexpect==4.9.0
      - pillow==12.2.0
      - platformdirs==4.10.0
      - plotly==6.8.0
      - pluggy==1.6.0
      - pmdarima==2.1.1
      - prometheus-client==0.25.0
      - prompt-toolkit==3.0.52
      - propcache==0.5.2
      - protobuf==4.25.9
      - psutil==7.2.2
      - ptyprocess==0.7.0
      - pure-eval==0.2.3
      - pyarrow==24.0.0
      - pycparser==3.0
      - pydantic==2.13.4
      - pydantic-core==2.46.4
      - pygments==2.20.0
      - pymupdf==1.28.0
      - pyogrio==0.13.0
      - pyparsing==3.3.2
      - pyproj==3.7.1
      - pytest==9.1.1
      - python-dateutil==2.9.0.post0
      - python-dotenv==1.2.2
      - python-json-logger==4.1.0
      - pytz==2026.2
      - pyyaml==6.0.3
      - pyzmq==27.1.0
      - referencing==0.37.0
      - regex==2026.5.9
      - requests==2.34.2
      - rfc3339-validator==0.1.4
      - rfc3986-validator==0.1.1
      - rfc3987-syntax==1.1.0
      - rich==15.0.0
      - rpds-py==0.30.0
      - safetensors==0.8.0
      - scipy==1.15.3
      - seaborn==0.13.2
      - send2trash==2.1.0
      - sentencepiece==0.2.1
      - setuptools==81.0.0
      - shapely==2.1.2
      - shellingham==1.5.4
      - six==1.17.0
      - soupsieve==2.8.4
      - stack-data==0.6.3
      - statsmodels==0.14.6
      - sympy==1.14.0
      - tabulate==0.9.0
      - tensorboard==2.16.2
      - tensorboard-data-server==0.7.2
      - tensorflow==2.16.2
      - tensorflow-io-gcs-filesystem==0.37.1
      - tensorflow-macos==2.16.2
      - tensorflow-metal==1.2.0
      - termcolor==3.3.0
      - terminado==0.18.1
      - tinycss2==1.5.1
      - tokenizers==0.22.2
      - tomli==2.4.1
      - torch==2.12.0
      - torchaudio==2.11.0
      - torchvision==0.27.0
      - tornado==6.5.7
      - tqdm==4.68.3
      - traitlets==5.15.1
      - transformers==5.12.1
      - typer==0.25.1
      - types-requests==2.33.0.20260518
      - typing-extensions==4.15.0
      - typing-inspection==0.4.2
      - tzdata==2026.2
      - uri-template==1.3.0
      - urllib3==2.7.0
      - vl-convert-python==1.9.0.post1
      - wcwidth==0.8.1
      - webcolors==25.10.0
      - webencodings==0.5.1
      - websocket-client==1.9.0
      - werkzeug==3.1.8
      - wrapt==2.2.1
      - xxhash==3.7.0
      - yarl==1.24.2
